
Microsoft Visual Studio Solution File, Format Version 12.00
# Visual Studio Version 17
VisualStudioVersion = 17.2.32630.192
MinimumVisualStudioVersion = 10.0.40219.1
Project("{FAE04EC0-301F-11D3-BF4B-00C04F79EFBC}") = "IT610Project", "IT610Project\IT610Project.csproj", "{3D8C0CE7-177D-43DB-B4FD-4F0233125986}"
EndProject
Global
	GlobalSection(SolutionConfigurationPlatforms) = preSolution
		Debug|Any CPU = Debug|Any CPU
		Release|Any CPU = Release|Any CPU
	EndGlobalSection
	GlobalSection(ProjectConfigurationPlatforms) = postSolution
		{3D8C0CE7-177D-43DB-B4FD-4F0233125986}.Debug|Any CPU.ActiveCfg = Debug|Any CPU
		{3D8C0CE7-177D-43DB-B4FD-4F0233125986}.Debug|Any CPU.Build.0 = Debug|Any CPU
		{3D8C0CE7-177D-43DB-B4FD-4F0233125986}.Release|Any CPU.ActiveCfg = Release|Any CPU
		{3D8C0CE7-177D-43DB-B4FD-4F0233125986}.Release|Any CPU.Build.0 = Release|Any CPU
	EndGlobalSection
	GlobalSection(SolutionProperties) = preSolution
		HideSolutionNode = FALSE
	EndGlobalSection
	GlobalSection(ExtensibilityGlobals) = postSolution
		SolutionGuid = {6F30F9FC-A923-4867-9B61-1C7834FAA6C0}
	EndGlobalSection
EndGlobal
